// !$*UTF8*$!
{
	archiveVersion = 1;
	classes = {
	};
	objectVersion = 52;
	objects = {

/* Begin PBXBuildFile section */
		18AD85032500328F001BD26D /* Assets.xcassets in Resources */ = {isa = PBXBuildFile; fileRef = 18AD85022500328F001BD26D /* Assets.xcassets */; };
		18AD85062500328F001BD26D /* LaunchScreen.storyboard in Resources */ = {isa = PBXBuildFile; fileRef = 18AD85042500328F001BD26D /* LaunchScreen.storyboard */; };
		18AD85112500328F001BD26D /* ProgrammaticUITests.swift in Sources */ = {isa = PBXBuildFile; fileRef = 18AD85102500328F001BD26D /* ProgrammaticUITests.swift */; };
		18AD851C2500328F001BD26D /* ProgrammaticUIUITests.swift in Sources */ = {isa = PBXBuildFile; fileRef = 18AD851B2500328F001BD26D /* ProgrammaticUIUITests.swift */; };
		18AD854625003337001BD26D /* APIManager.swift in Sources */ = {isa = PBXBuildFile; fileRef = 18AD852A25003336001BD26D /* APIManager.swift */; };
		18AD854725003337001BD26D /* iTunesAPI.swift in Sources */ = {isa = PBXBuildFile; fileRef = 18AD852B25003336001BD26D /* iTunesAPI.swift */; };
		18AD854825003337001BD26D /* iTunesDetailVC.swift in Sources */ = {isa = PBXBuildFile; fileRef = 18AD852E25003336001BD26D /* iTunesDetailVC.swift */; };
		18AD854925003337001BD26D /* iTunesSaveOfflineCell.swift in Sources */ = {isa = PBXBuildFile; fileRef = 18AD853025003336001BD26D /* iTunesSaveOfflineCell.swift */; };
		18AD854A25003337001BD26D /* iTunesViewComposer.swift in Sources */ = {isa = PBXBuildFile; fileRef = 18AD853125003336001BD26D /* iTunesViewComposer.swift */; };
		18AD854B25003337001BD26D /* iTunesDetailCell.swift in Sources */ = {isa = PBXBuildFile; fileRef = 18AD853225003336001BD26D /* iTunesDetailCell.swift */; };
		18AD854C25003337001BD26D /* iTunesDetailModel+PersistModel.swift in Sources */ = {isa = PBXBuildFile; fileRef = 18AD853325003336001BD26D /* iTunesDetailModel+PersistModel.swift */; };
		18AD854D25003337001BD26D /* iTunesDetailVC+UI+Constraints.swift in Sources */ = {isa = PBXBuildFile; fileRef = 18AD853525003336001BD26D /* iTunesDetailVC+UI+Constraints.swift */; };
		18AD854E25003337001BD26D /* iTunesDetailCellExtension.swift in Sources */ = {isa = PBXBuildFile; fileRef = 18AD853625003336001BD26D /* iTunesDetailCellExtension.swift */; };
		18AD854F25003337001BD26D /* iTunesVC+Delegate+Extension.swift in Sources */ = {isa = PBXBuildFile; fileRef = 18AD853725003336001BD26D /* iTunesVC+Delegate+Extension.swift */; };
		18AD855025003337001BD26D /* iTunesDetailVC+AVPlayerVC+Extension.swift in Sources */ = {isa = PBXBuildFile; fileRef = 18AD853925003336001BD26D /* iTunesDetailVC+AVPlayerVC+Extension.swift */; };
		18AD855125003337001BD26D /* AppDelegate.swift in Sources */ = {isa = PBXBuildFile; fileRef = 18AD853A25003336001BD26D /* AppDelegate.swift */; };
		18AD855225003337001BD26D /* iTunesSearchVC.swift in Sources */ = {isa = PBXBuildFile; fileRef = 18AD853D25003337001BD26D /* iTunesSearchVC.swift */; };
		18AD855325003337001BD26D /* iTunesModel+Enum.swift in Sources */ = {isa = PBXBuildFile; fileRef = 18AD853E25003337001BD26D /* iTunesModel+Enum.swift */; };
		18AD855425003337001BD26D /* iTunesSearchViewModel.swift in Sources */ = {isa = PBXBuildFile; fileRef = 18AD853F25003337001BD26D /* iTunesSearchViewModel.swift */; };
		18AD855525003337001BD26D /* iTunesSearchCell.swift in Sources */ = {isa = PBXBuildFile; fileRef = 18AD854025003337001BD26D /* iTunesSearchCell.swift */; };
		18AD855625003337001BD26D /* iTunes+Delegate+Extension.swift in Sources */ = {isa = PBXBuildFile; fileRef = 18AD854125003337001BD26D /* iTunes+Delegate+Extension.swift */; };
		18AD855725003337001BD26D /* iTunesHomeVC.swift in Sources */ = {isa = PBXBuildFile; fileRef = 18AD854225003337001BD26D /* iTunesHomeVC.swift */; };
		18AD855825003337001BD26D /* iTunesSearchVC+Constraint+Extension.swift in Sources */ = {isa = PBXBuildFile; fileRef = 18AD854425003337001BD26D /* iTunesSearchVC+Constraint+Extension.swift */; };
		18AD855925003337001BD26D /* iTunesTblCell+Constraint+Extension.swift in Sources */ = {isa = PBXBuildFile; fileRef = 18AD854525003337001BD26D /* iTunesTblCell+Constraint+Extension.swift */; };
		18AD855C250034D3001BD26D /* Moya in Frameworks */ = {isa = PBXBuildFile; productRef = 18AD855B250034D3001BD26D /* Moya */; };
		18AD855F2500350E001BD26D /* SDWebImage in Frameworks */ = {isa = PBXBuildFile; productRef = 18AD855E2500350E001BD26D /* SDWebImage */; };
		18AD8562250035D9001BD26D /* SnapKit in Frameworks */ = {isa = PBXBuildFile; productRef = 18AD8561250035D9001BD26D /* SnapKit */; };
		18AD85652500368B001BD26D /* Utility.swift in Sources */ = {isa = PBXBuildFile; fileRef = 18AD85642500368B001BD26D /* Utility.swift */; };
/* End PBXBuildFile section */

/* Begin PBXContainerItemProxy section */
		18AD850D2500328F001BD26D /* PBXContainerItemProxy */ = {
			isa = PBXContainerItemProxy;
			containerPortal = 18AD84EE2500328E001BD26D /* Project object */;
			proxyType = 1;
			remoteGlobalIDString = 18AD84F52500328E001BD26D;
			remoteInfo = ProgrammaticUI;
		};
		18AD85182500328F001BD26D /* PBXContainerItemProxy */ = {
			isa = PBXContainerItemProxy;
			containerPortal = 18AD84EE2500328E001BD26D /* Project object */;
			proxyType = 1;
			remoteGlobalIDString = 18AD84F52500328E001BD26D;
			remoteInfo = ProgrammaticUI;
		};
/* End PBXContainerItemProxy section */

/* Begin PBXFileReference section */
		18AD84F62500328E001BD26D /* ProgrammaticUI.app */ = {isa = PBXFileReference; explicitFileType = wrapper.application; includeInIndex = 0; path = ProgrammaticUI.app; sourceTree = BUILT_PRODUCTS_DIR; };
		18AD85022500328F001BD26D /* Assets.xcassets */ = {isa = PBXFileReference; lastKnownFileType = folder.assetcatalog; path = Assets.xcassets; sourceTree = "<group>"; };
		18AD85052500328F001BD26D /* Base */ = {isa = PBXFileReference; lastKnownFileType = file.storyboard; name = Base; path = Base.lproj/LaunchScreen.storyboard; sourceTree = "<group>"; };
		18AD85072500328F001BD26D /* Info.plist */ = {isa = PBXFileReference; lastKnownFileType = text.plist.xml; path = Info.plist; sourceTree = "<group>"; };
		18AD850C2500328F001BD26D /* ProgrammaticUITests.xctest */ = {isa = PBXFileReference; explicitFileType = wrapper.cfbundle; includeInIndex = 0; path = ProgrammaticUITests.xctest; sourceTree = BUILT_PRODUCTS_DIR; };
		18AD85102500328F001BD26D /* ProgrammaticUITests.swift */ = {isa = PBXFileReference; lastKnownFileType = sourcecode.swift; path = ProgrammaticUITests.swift; sourceTree = "<group>"; };
		18AD85122500328F001BD26D /* Info.plist */ = {isa = PBXFileReference; lastKnownFileType = text.plist.xml; path = Info.plist; sourceTree = "<group>"; };
		18AD85172500328F001BD26D /* ProgrammaticUIUITests.xctest */ = {isa = PBXFileReference; explicitFileType = wrapper.cfbundle; includeInIndex = 0; path = ProgrammaticUIUITests.xctest; sourceTree = BUILT_PRODUCTS_DIR; };
		18AD851B2500328F001BD26D /* ProgrammaticUIUITests.swift */ = {isa = PBXFileReference; lastKnownFileType = sourcecode.swift; path = ProgrammaticUIUITests.swift; sourceTree = "<group>"; };
		18AD851D2500328F001BD26D /* Info.plist */ = {isa = PBXFileReference; lastKnownFileType = text.plist.xml; path = Info.plist; sourceTree = "<group>"; };
		18AD852A25003336001BD26D /* APIManager.swift */ = {isa = PBXFileReference; fileEncoding = 4; lastKnownFileType = sourcecode.swift; path = APIManager.swift; sourceTree = "<group>"; };
		18AD852B25003336001BD26D /* iTunesAPI.swift */ = {isa = PBXFileReference; fileEncoding = 4; lastKnownFileType = sourcecode.swift; path = iTunesAPI.swift; sourceTree = "<group>"; };
		18AD852E25003336001BD26D /* iTunesDetailVC.swift */ = {isa = PBXFileReference; fileEncoding = 4; lastKnownFileType = sourcecode.swift; path = iTunesDetailVC.swift; sourceTree = "<group>"; };
		18AD853025003336001BD26D /* iTunesSaveOfflineCell.swift */ = {isa = PBXFileReference; fileEncoding = 4; lastKnownFileType = sourcecode.swift; path = iTunesSaveOfflineCell.swift; sourceTree = "<group>"; };
		18AD853125003336001BD26D /* iTunesViewComposer.swift */ = {isa = PBXFileReference; fileEncoding = 4; lastKnownFileType = sourcecode.swift; path = iTunesViewComposer.swift; sourceTree = "<group>"; };
		18AD853225003336001BD26D /* iTunesDetailCell.swift */ = {isa = PBXFileReference; fileEncoding = 4; lastKnownFileType = sourcecode.swift; path = iTunesDetailCell.swift; sourceTree = "<group>"; };
		18AD853325003336001BD26D /* iTunesDetailModel+PersistModel.swift */ = {isa = PBXFileReference; fileEncoding = 4; lastKnownFileType = sourcecode.swift; path = "iTunesDetailModel+PersistModel.swift"; sourceTree = "<group>"; };
		18AD853525003336001BD26D /* iTunesDetailVC+UI+Constraints.swift */ = {isa = PBXFileReference; fileEncoding = 4; lastKnownFileType = sourcecode.swift; path = "iTunesDetailVC+UI+Constraints.swift"; sourceTree = "<group>"; };
		18AD853625003336001BD26D /* iTunesDetailCellExtension.swift */ = {isa = PBXFileReference; fileEncoding = 4; lastKnownFileType = sourcecode.swift; path = iTunesDetailCellExtension.swift; sourceTree = "<group>"; };
		18AD853725003336001BD26D /* iTunesVC+Delegate+Extension.swift */ = {isa = PBXFileReference; fileEncoding = 4; lastKnownFileType = sourcecode.swift; path = "iTunesVC+Delegate+Extension.swift"; sourceTree = "<group>"; };
		18AD853925003336001BD26D /* iTunesDetailVC+AVPlayerVC+Extension.swift */ = {isa = PBXFileReference; fileEncoding = 4; lastKnownFileType = sourcecode.swift; path = "iTunesDetailVC+AVPlayerVC+Extension.swift"; sourceTree = "<group>"; };
		18AD853A25003336001BD26D /* AppDelegate.swift */ = {isa = PBXFileReference; fileEncoding = 4; lastKnownFileType = sourcecode.swift; path = AppDelegate.swift; sourceTree = "<group>"; };
		18AD853D25003337001BD26D /* iTunesSearchVC.swift */ = {isa = PBXFileReference; fileEncoding = 4; lastKnownFileType = sourcecode.swift; path = iTunesSearchVC.swift; sourceTree = "<group>"; };
		18AD853E25003337001BD26D /* iTunesModel+Enum.swift */ = {isa = PBXFileReference; fileEncoding = 4; lastKnownFileType = sourcecode.swift; path = "iTunesModel+Enum.swift"; sourceTree = "<group>"; };
		18AD853F25003337001BD26D /* iTunesSearchViewModel.swift */ = {isa = PBXFileReference; fileEncoding = 4; lastKnownFileType = sourcecode.swift; path = iTunesSearchViewModel.swift; sourceTree = "<group>"; };
		18AD854025003337001BD26D /* iTunesSearchCell.swift */ = {isa = PBXFileReference; fileEncoding = 4; lastKnownFileType = sourcecode.swift; path = iTunesSearchCell.swift; sourceTree = "<group>"; };
		18AD854125003337001BD26D /* iTunes+Delegate+Extension.swift */ = {isa = PBXFileReference; fileEncoding = 4; lastKnownFileType = sourcecode.swift; path = "iTunes+Delegate+Extension.swift"; sourceTree = "<group>"; };
		18AD854225003337001BD26D /* iTunesHomeVC.swift */ = {isa = PBXFileReference; fileEncoding = 4; lastKnownFileType = sourcecode.swift; path = iTunesHomeVC.swift; sourceTree = "<group>"; };
		18AD854425003337001BD26D /* iTunesSearchVC+Constraint+Extension.swift */ = {isa = PBXFileReference; fileEncoding = 4; lastKnownFileType = sourcecode.swift; path = "iTunesSearchVC+Constraint+Extension.swift"; sourceTree = "<group>"; };
		18AD854525003337001BD26D /* iTunesTblCell+Constraint+Extension.swift */ = {isa = PBXFileReference; fileEncoding = 4; lastKnownFileType = sourcecode.swift; path = "iTunesTblCell+Constraint+Extension.swift"; sourceTree = "<group>"; };
		18AD85642500368B001BD26D /* Utility.swift */ = {isa = PBXFileReference; fileEncoding = 4; lastKnownFileType = sourcecode.swift; path = Utility.swift; sourceTree = "<group>"; };
/* End PBXFileReference section */

/* Begin PBXFrameworksBuildPhase section */
		18AD84F32500328E001BD26D /* Frameworks */ = {
			isa = PBXFrameworksBuildPhase;
			buildActionMask = 2147483647;
			files = (
				18AD8562250035D9001BD26D /* SnapKit in Frameworks */,
				18AD855F2500350E001BD26D /* SDWebImage in Frameworks */,
				18AD855C250034D3001BD26D /* Moya in Frameworks */,
			);
			runOnlyForDeploymentPostprocessing = 0;
		};
		18AD85092500328F001BD26D /* Frameworks */ = {
			isa = PBXFrameworksBuildPhase;
			buildActionMask = 2147483647;
			files = (
			);
			runOnlyForDeploymentPostprocessing = 0;
		};
		18AD85142500328F001BD26D /* Frameworks */ = {
			isa = PBXFrameworksBuildPhase;
			buildActionMask = 2147483647;
			files = (
			);
			runOnlyForDeploymentPostprocessing = 0;
		};
/* End PBXFrameworksBuildPhase section */

/* Begin PBXGroup section */
		18AD84ED2500328E001BD26D = {
			isa = PBXGroup;
			children = (
				18AD84F82500328E001BD26D /* ProgrammaticUI */,
				18AD850F2500328F001BD26D /* ProgrammaticUITests */,
				18AD851A2500328F001BD26D /* ProgrammaticUIUITests */,
				18AD84F72500328E001BD26D /* Products */,
			);
			sourceTree = "<group>";
		};
		18AD84F72500328E001BD26D /* Products */ = {
			isa = PBXGroup;
			children = (
				18AD84F62500328E001BD26D /* ProgrammaticUI.app */,
				18AD850C2500328F001BD26D /* ProgrammaticUITests.xctest */,
				18AD85172500328F001BD26D /* ProgrammaticUIUITests.xctest */,
			);
			name = Products;
			sourceTree = "<group>";
		};
		18AD84F82500328E001BD26D /* ProgrammaticUI */ = {
			isa = PBXGroup;
			children = (
				18AD852925003336001BD26D /* APIManager */,
				18AD85632500368B001BD26D /* Utitlity */,
				18AD853B25003337001BD26D /* iTunesSearchModule */,
				18AD852C25003336001BD26D /* iTunesDetailModule */,
				18AD853A25003336001BD26D /* AppDelegate.swift */,
				18AD85022500328F001BD26D /* Assets.xcassets */,
				18AD85042500328F001BD26D /* LaunchScreen.storyboard */,
				18AD85072500328F001BD26D /* Info.plist */,
			);
			path = ProgrammaticUI;
			sourceTree = "<group>";
		};
		18AD850F2500328F001BD26D /* ProgrammaticUITests */ = {
			isa = PBXGroup;
			children = (
				18AD85102500328F001BD26D /* ProgrammaticUITests.swift */,
				18AD85122500328F001BD26D /* Info.plist */,
			);
			path = ProgrammaticUITests;
			sourceTree = "<group>";
		};
		18AD851A2500328F001BD26D /* ProgrammaticUIUITests */ = {
			isa = PBXGroup;
			children = (
				18AD851B2500328F001BD26D /* ProgrammaticUIUITests.swift */,
				18AD851D2500328F001BD26D /* Info.plist */,
			);
			path = ProgrammaticUIUITests;
			sourceTree = "<group>";
		};
		18AD852925003336001BD26D /* APIManager */ = {
			isa = PBXGroup;
			children = (
				18AD852A25003336001BD26D /* APIManager.swift */,
				18AD852B25003336001BD26D /* iTunesAPI.swift */,
			);
			path = APIManager;
			sourceTree = "<group>";
		};
		18AD852C25003336001BD26D /* iTunesDetailModule */ = {
			isa = PBXGroup;
			children = (
				18AD852D25003336001BD26D /* iTunesDetailModule */,
				18AD853825003336001BD26D /* AudioPlayerVC */,
			);
			path = iTunesDetailModule;
			sourceTree = "<group>";
		};
		18AD852D25003336001BD26D /* iTunesDetailModule */ = {
			isa = PBXGroup;
			children = (
				18AD852F25003336001BD26D /* iTunesDetailCell */,
				18AD853425003336001BD26D /* iTunesDetailExtension */,
				18AD852E25003336001BD26D /* iTunesDetailVC.swift */,
				18AD853325003336001BD26D /* iTunesDetailModel+PersistModel.swift */,
			);
			path = iTunesDetailModule;
			sourceTree = "<group>";
		};
		18AD852F25003336001BD26D /* iTunesDetailCell */ = {
			isa = PBXGroup;
			children = (
				18AD853025003336001BD26D /* iTunesSaveOfflineCell.swift */,
				18AD853125003336001BD26D /* iTunesViewComposer.swift */,
				18AD853225003336001BD26D /* iTunesDetailCell.swift */,
			);
			path = iTunesDetailCell;
			sourceTree = "<group>";
		};
		18AD853425003336001BD26D /* iTunesDetailExtension */ = {
			isa = PBXGroup;
			children = (
				18AD853525003336001BD26D /* iTunesDetailVC+UI+Constraints.swift */,
				18AD853625003336001BD26D /* iTunesDetailCellExtension.swift */,
				18AD853725003336001BD26D /* iTunesVC+Delegate+Extension.swift */,
			);
			path = iTunesDetailExtension;
			sourceTree = "<group>";
		};
		18AD853825003336001BD26D /* AudioPlayerVC */ = {
			isa = PBXGroup;
			children = (
				18AD853925003336001BD26D /* iTunesDetailVC+AVPlayerVC+Extension.swift */,
			);
			path = AudioPlayerVC;
			sourceTree = "<group>";
		};
		18AD853B25003337001BD26D /* iTunesSearchModule */ = {
			isa = PBXGroup;
			children = (
				18AD853C25003337001BD26D /* iTunesSearchModule */,
				18AD854125003337001BD26D /* iTunes+Delegate+Extension.swift */,
				18AD854225003337001BD26D /* iTunesHomeVC.swift */,
				18AD854325003337001BD26D /* iTunesSearchExtension+Constraint */,
			);
			path = iTunesSearchModule;
			sourceTree = "<group>";
		};
		18AD853C25003337001BD26D /* iTunesSearchModule */ = {
			isa = PBXGroup;
			children = (
				18AD853D25003337001BD26D /* iTunesSearchVC.swift */,
				18AD853E25003337001BD26D /* iTunesModel+Enum.swift */,
				18AD853F25003337001BD26D /* iTunesSearchViewModel.swift */,
				18AD854025003337001BD26D /* iTunesSearchCell.swift */,
			);
			path = iTunesSearchModule;
			sourceTree = "<group>";
		};
		18AD854325003337001BD26D /* iTunesSearchExtension+Constraint */ = {
			isa = PBXGroup;
			children = (
				18AD854425003337001BD26D /* iTunesSearchVC+Constraint+Extension.swift */,
				18AD854525003337001BD26D /* iTunesTblCell+Constraint+Extension.swift */,
			);
			path = "iTunesSearchExtension+Constraint";
			sourceTree = "<group>";
		};
		18AD85632500368B001BD26D /* Utitlity */ = {
			isa = PBXGroup;
			children = (
				18AD85642500368B001BD26D /* Utility.swift */,
			);
			path = Utitlity;
			sourceTree = "<group>";
		};
/* End PBXGroup section */

/* Begin PBXNativeTarget section */
		18AD84F52500328E001BD26D /* ProgrammaticUI */ = {
			isa = PBXNativeTarget;
			buildConfigurationList = 18AD85202500328F001BD26D /* Build configuration list for PBXNativeTarget "ProgrammaticUI" */;
			buildPhases = (
				18AD84F22500328E001BD26D /* Sources */,
				18AD84F32500328E001BD26D /* Frameworks */,
				18AD84F42500328E001BD26D /* Resources */,
			);
			buildRules = (
			);
			dependencies = (
			);
			name = ProgrammaticUI;
			packageProductDependencies = (
				18AD855B250034D3001BD26D /* Moya */,
				18AD855E2500350E001BD26D /* SDWebImage */,
				18AD8561250035D9001BD26D /* SnapKit */,
			);
			productName = ProgrammaticUI;
			productReference = 18AD84F62500328E001BD26D /* ProgrammaticUI.app */;
			productType = "com.apple.product-type.application";
		};
		18AD850B2500328F001BD26D /* ProgrammaticUITests */ = {
			isa = PBXNativeTarget;
			buildConfigurationList = 18AD85232500328F001BD26D /* Build configuration list for PBXNativeTarget "ProgrammaticUITests" */;
			buildPhases = (
				18AD85082500328F001BD26D /* Sources */,
				18AD85092500328F001BD26D /* Frameworks */,
				18AD850A2500328F001BD26D /* Resources */,
			);
			buildRules = (
			);
			dependencies = (
				18AD850E2500328F001BD26D /* PBXTargetDependency */,
			);
			name = ProgrammaticUITests;
			productName = ProgrammaticUITests;
			productReference = 18AD850C2500328F001BD26D /* ProgrammaticUITests.xctest */;
			productType = "com.apple.product-type.bundle.unit-test";
		};
		18AD85162500328F001BD26D /* ProgrammaticUIUITests */ = {
			isa = PBXNativeTarget;
			buildConfigurationList = 18AD85262500328F001BD26D /* Build configuration list for PBXNativeTarget "ProgrammaticUIUITests" */;
			buildPhases = (
				18AD85132500328F001BD26D /* Sources */,
				18AD85142500328F001BD26D /* Frameworks */,
				18AD85152500328F001BD26D /* Resources */,
			);
			buildRules = (
			);
			dependencies = (
				18AD85192500328F001BD26D /* PBXTargetDependency */,
			);
			name = ProgrammaticUIUITests;
			productName = ProgrammaticUIUITests;
			productReference = 18AD85172500328F001BD26D /* ProgrammaticUIUITests.xctest */;
			productType = "com.apple.product-type.bundle.ui-testing";
		};
/* End PBXNativeTarget section */

/* Begin PBXProject section */
		18AD84EE2500328E001BD26D /* Project object */ = {
			isa = PBXProject;
			attributes = {
				LastSwiftUpdateCheck = 1200;
				LastUpgradeCheck = 1200;
				TargetAttributes = {
					18AD84F52500328E001BD26D = {
						CreatedOnToolsVersion = 12.0;
					};
					18AD850B2500328F001BD26D = {
						CreatedOnToolsVersion = 12.0;
						TestTargetID = 18AD84F52500328E001BD26D;
					};
					18AD85162500328F001BD26D = {
						CreatedOnToolsVersion = 12.0;
						TestTargetID = 18AD84F52500328E001BD26D;
					};
				};
			};
			buildConfigurationList = 18AD84F12500328E001BD26D /* Build configuration list for PBXProject "ProgrammaticUI" */;
			compatibilityVersion = "Xcode 9.3";
			developmentRegion = en;
			hasScannedForEncodings = 0;
			knownRegions = (
				en,
				Base,
			);
			mainGroup = 18AD84ED2500328E001BD26D;
			packageReferences = (
				18AD855A250034D3001BD26D /* XCRemoteSwiftPackageReference "Moya" */,
				18AD855D2500350E001BD26D /* XCRemoteSwiftPackageReference "SDWebImage" */,
				18AD8560250035D9001BD26D /* XCRemoteSwiftPackageReference "SnapKit" */,
			);
			productRefGroup = 18AD84F72500328E001BD26D /* Products */;
			projectDirPath = "";
			projectRoot = "";
			targets = (
				18AD84F52500328E001BD26D /* ProgrammaticUI */,
				18AD850B2500328F001BD26D /* ProgrammaticUITests */,
				18AD85162500328F001BD26D /* ProgrammaticUIUITests */,
			);
		};
/* End PBXProject section */

/* Begin PBXResourcesBuildPhase section */
		18AD84F42500328E001BD26D /* Resources */ = {
			isa = PBXResourcesBuildPhase;
			buildActionMask = 2147483647;
			files = (
				18AD85062500328F001BD26D /* LaunchScreen.storyboard in Resources */,
				18AD85032500328F001BD26D /* Assets.xcassets in Resources */,
			);
			runOnlyForDeploymentPostprocessing = 0;
		};
		18AD850A2500328F001BD26D /* Resources */ = {
			isa = PBXResourcesBuildPhase;
			buildActionMask = 2147483647;
			files = (
			);
			runOnlyForDeploymentPostprocessing = 0;
		};
		18AD85152500328F001BD26D /* Resources */ = {
			isa = PBXResourcesBuildPhase;
			buildActionMask = 2147483647;
			files = (
			);
			runOnlyForDeploymentPostprocessing = 0;
		};
/* End PBXResourcesBuildPhase section */

/* Begin PBXSourcesBuildPhase section */
		18AD84F22500328E001BD26D /* Sources */ = {
			isa = PBXSourcesBuildPhase;
			buildActionMask = 2147483647;
			files = (
				18AD855425003337001BD26D /* iTunesSearchViewModel.swift in Sources */,
				18AD855025003337001BD26D /* iTunesDetailVC+AVPlayerVC+Extension.swift in Sources */,
				18AD854D25003337001BD26D /* iTunesDetailVC+UI+Constraints.swift in Sources */,
				18AD855525003337001BD26D /* iTunesSearchCell.swift in Sources */,
				18AD854625003337001BD26D /* APIManager.swift in Sources */,
				18AD854E25003337001BD26D /* iTunesDetailCellExtension.swift in Sources */,
				18AD854C25003337001BD26D /* iTunesDetailModel+PersistModel.swift in Sources */,
				18AD855825003337001BD26D /* iTunesSearchVC+Constraint+Extension.swift in Sources */,
				18AD854725003337001BD26D /* iTunesAPI.swift in Sources */,
				18AD854A25003337001BD26D /* iTunesViewComposer.swift in Sources */,
				18AD854F25003337001BD26D /* iTunesVC+Delegate+Extension.swift in Sources */,
				18AD855625003337001BD26D /* iTunes+Delegate+Extension.swift in Sources */,
				18AD855325003337001BD26D /* iTunesModel+Enum.swift in Sources */,
				18AD855225003337001BD26D /* iTunesSearchVC.swift in Sources */,
				18AD85652500368B001BD26D /* Utility.swift in Sources */,
				18AD855125003337001BD26D /* AppDelegate.swift in Sources */,
				18AD854B25003337001BD26D /* iTunesDetailCell.swift in Sources */,
				18AD855925003337001BD26D /* iTunesTblCell+Constraint+Extension.swift in Sources */,
				18AD854925003337001BD26D /* iTunesSaveOfflineCell.swift in Sources */,
				18AD854825003337001BD26D /* iTunesDetailVC.swift in Sources */,
				18AD855725003337001BD26D /* iTunesHomeVC.swift in Sources */,
			);
			runOnlyForDeploymentPostprocessing = 0;
		};
		18AD85082500328F001BD26D /* Sources */ = {
			isa = PBXSourcesBuildPhase;
			buildActionMask = 2147483647;
			files = (
				18AD85112500328F001BD26D /* ProgrammaticUITests.swift in Sources */,
			);
			runOnlyForDeploymentPostprocessing = 0;
		};
		18AD85132500328F001BD26D /* Sources */ = {
			isa = PBXSourcesBuildPhase;
			buildActionMask = 2147483647;
			files = (
				18AD851C2500328F001BD26D /* ProgrammaticUIUITests.swift in Sources */,
			);
			runOnlyForDeploymentPostprocessing = 0;
		};
/* End PBXSourcesBuildPhase section */

/* Begin PBXTargetDependency section */
		18AD850E2500328F001BD26D /* PBXTargetDependency */ = {
			isa = PBXTargetDependency;
			target = 18AD84F52500328E001BD26D /* ProgrammaticUI */;
			targetProxy = 18AD850D2500328F001BD26D /* PBXContainerItemProxy */;
		};
		18AD85192500328F001BD26D /* PBXTargetDependency */ = {
			isa = PBXTargetDependency;
			target = 18AD84F52500328E001BD26D /* ProgrammaticUI */;
			targetProxy = 18AD85182500328F001BD26D /* PBXContainerItemProxy */;
		};
/* End PBXTargetDependency section */

/* Begin PBXVariantGroup section */
		18AD85042500328F001BD26D /* LaunchScreen.storyboard */ = {
			isa = PBXVariantGroup;
			children = (
				18AD85052500328F001BD26D /* Base */,
			);
			name = LaunchScreen.storyboard;
			sourceTree = "<group>";
		};
/* End PBXVariantGroup section */

/* Begin XCBuildConfiguration section */
		18AD851E2500328F001BD26D /* Debug */ = {
			isa = XCBuildConfiguration;
			buildSettings = {
				ALWAYS_SEARCH_USER_PATHS = NO;
				CLANG_ANALYZER_NONNULL = YES;
				CLANG_ANALYZER_NUMBER_OBJECT_CONVERSION = YES_AGGRESSIVE;
				CLANG_CXX_LANGUAGE_STANDARD = "gnu++14";
				CLANG_CXX_LIBRARY = "libc++";
				CLANG_ENABLE_MODULES = YES;
				CLANG_ENABLE_OBJC_ARC = YES;
				CLANG_ENABLE_OBJC_WEAK = YES;
				CLANG_WARN_BLOCK_CAPTURE_AUTORELEASING = YES;
				CLANG_WARN_BOOL_CONVERSION = YES;
				CLANG_WARN_COMMA = YES;
				CLANG_WARN_CONSTANT_CONVERSION = YES;
				CLANG_WARN_DEPRECATED_OBJC_IMPLEMENTATIONS = YES;
				CLANG_WARN_DIRECT_OBJC_ISA_USAGE = YES_ERROR;
				CLANG_WARN_DOCUMENTATION_COMMENTS = YES;
				CLANG_WARN_EMPTY_BODY = YES;
				CLANG_WARN_ENUM_CONVERSION = YES;
				CLANG_WARN_INFINITE_RECURSION = YES;
				CLANG_WARN_INT_CONVERSION = YES;
				CLANG_WARN_NON_LITERAL_NULL_CONVERSION = YES;
				CLANG_WARN_OBJC_IMPLICIT_RETAIN_SELF = YES;
				CLANG_WARN_OBJC_LITERAL_CONVERSION = YES;
				CLANG_WARN_OBJC_ROOT_CLASS = YES_ERROR;
				CLANG_WARN_QUOTED_INCLUDE_IN_FRAMEWORK_HEADER = YES;
				CLANG_WARN_RANGE_LOOP_ANALYSIS = YES;
				CLANG_WARN_STRICT_PROTOTYPES = YES;
				CLANG_WARN_SUSPICIOUS_MOVE = YES;
				CLANG_WARN_UNGUARDED_AVAILABILITY = YES_AGGRESSIVE;
				CLANG_WARN_UNREACHABLE_CODE = YES;
				CLANG_WARN__DUPLICATE_METHOD_MATCH = YES;
				COPY_PHASE_STRIP = NO;
				DEBUG_INFORMATION_FORMAT = dwarf;
				ENABLE_STRICT_OBJC_MSGSEND = YES;
				ENABLE_TESTABILITY = YES;
				GCC_C_LANGUAGE_STANDARD = gnu11;
				GCC_DYNAMIC_NO_PIC = NO;
				GCC_NO_COMMON_BLOCKS = YES;
				GCC_OPTIMIZATION_LEVEL = 0;
				GCC_PREPROCESSOR_DEFINITIONS = (
					"DEBUG=1",
					"$(inherited)",
				);
				GCC_WARN_64_TO_32_BIT_CONVERSION = YES;
				GCC_WARN_ABOUT_RETURN_TYPE = YES_ERROR;
				GCC_WARN_UNDECLARED_SELECTOR = YES;
				GCC_WARN_UNINITIALIZED_AUTOS = YES_AGGRESSIVE;
				GCC_WARN_UNUSED_FUNCTION = YES;
				GCC_WARN_UNUSED_VARIABLE = YES;
				IPHONEOS_DEPLOYMENT_TARGET = 14.0;
				MTL_ENABLE_DEBUG_INFO = INCLUDE_SOURCE;
				MTL_FAST_MATH = YES;
				ONLY_ACTIVE_ARCH = YES;
				SDKROOT = iphoneos;
				SWIFT_ACTIVE_COMPILATION_CONDITIONS = DEBUG;
				SWIFT_OPTIMIZATION_LEVEL = "-Onone";
			};
			name = Debug;
		};
		18AD851F2500328F001BD26D /* Release */ = {
			isa = XCBuildConfiguration;
			buildSettings = {
				ALWAYS_SEARCH_USER_PATHS = NO;
				CLANG_ANALYZER_NONNULL = YES;
				CLANG_ANALYZER_NUMBER_OBJECT_CONVERSION = YES_AGGRESSIVE;
				CLANG_CXX_LANGUAGE_STANDARD = "gnu++14";
				CLANG_CXX_LIBRARY = "libc++";
				CLANG_ENABLE_MODULES = YES;
				CLANG_ENABLE_OBJC_ARC = YES;
				CLANG_ENABLE_OBJC_WEAK = YES;
				CLANG_WARN_BLOCK_CAPTURE_AUTORELEASING = YES;
				CLANG_WARN_BOOL_CONVERSION = YES;
				CLANG_WARN_COMMA = YES;
				CLANG_WARN_CONSTANT_CONVERSION = YES;
				CLANG_WARN_DEPRECATED_OBJC_IMPLEMENTATIONS = YES;
				CLANG_WARN_DIRECT_OBJC_ISA_USAGE = YES_ERROR;
				CLANG_WARN_DOCUMENTATION_COMMENTS = YES;
				CLANG_WARN_EMPTY_BODY = YES;
				CLANG_WARN_ENUM_CONVERSION = YES;
				CLANG_WARN_INFINITE_RECURSION = YES;
				CLANG_WARN_INT_CONVERSION = YES;
				CLANG_WARN_NON_LITERAL_NULL_CONVERSION = YES;
				CLANG_WARN_OBJC_IMPLICIT_RETAIN_SELF = YES;
				CLANG_WARN_OBJC_LITERAL_CONVERSION = YES;
				CLANG_WARN_OBJC_ROOT_CLASS = YES_ERROR;
				CLANG_WARN_QUOTED_INCLUDE_IN_FRAMEWORK_HEADER = YES;
				CLANG_WARN_RANGE_LOOP_ANALYSIS = YES;
				CLANG_WARN_STRICT_PROTOTYPES = YES;
				CLANG_WARN_SUSPICIOUS_MOVE = YES;
				CLANG_WARN_UNGUARDED_AVAILABILITY = YES_AGGRESSIVE;
				CLANG_WARN_UNREACHABLE_CODE = YES;
				CLANG_WARN__DUPLICATE_METHOD_MATCH = YES;
				COPY_PHASE_STRIP = NO;
				DEBUG_INFORMATION_FORMAT = "dwarf-with-dsym";
				ENABLE_NS_ASSERTIONS = NO;
				ENABLE_STRICT_OBJC_MSGSEND = YES;
				GCC_C_LANGUAGE_STANDARD = gnu11;
				GCC_NO_COMMON_BLOCKS = YES;
				GCC_WARN_64_TO_32_BIT_CONVERSION = YES;
				GCC_WARN_ABOUT_RETURN_TYPE = YES_ERROR;
				GCC_WARN_UNDECLARED_SELECTOR = YES;
				GCC_WARN_UNINITIALIZED_AUTOS = YES_AGGRESSIVE;
				GCC_WARN_UNUSED_FUNCTION = YES;
				GCC_WARN_UNUSED_VARIABLE = YES;
				IPHONEOS_DEPLOYMENT_TARGET = 14.0;
				MTL_ENABLE_DEBUG_INFO = NO;
				MTL_FAST_MATH = YES;
				SDKROOT = iphoneos;
				SWIFT_COMPILATION_MODE = wholemodule;
				SWIFT_OPTIMIZATION_LEVEL = "-O";
				VALIDATE_PRODUCT = YES;
			};
			name = Release;
		};
		18AD85212500328F001BD26D /* Debug */ = {
			isa = XCBuildConfiguration;
			buildSettings = {
				ASSETCATALOG_COMPILER_APPICON_NAME = AppIcon;
				ASSETCATALOG_COMPILER_GLOBAL_ACCENT_COLOR_NAME = AccentColor;
				CODE_SIGN_STYLE = Automatic;
				INFOPLIST_FILE = ProgrammaticUI/Info.plist;
				LD_RUNPATH_SEARCH_PATHS = (
					"$(inherited)",
					"@executable_path/Frameworks",
				);
				PRODUCT_BUNDLE_IDENTIFIER = ProgrammaticUI.app.ProgrammaticUI;
				PRODUCT_NAME = "$(TARGET_NAME)";
				SWIFT_VERSION = 5.0;
				TARGETED_DEVICE_FAMILY = "1,2";
			};
			name = Debug;
		};
		18AD85222500328F001BD26D /* Release */ = {
			isa = XCBuildConfiguration;
			buildSettings = {
				ASSETCATALOG_COMPILER_APPICON_NAME = AppIcon;
				ASSETCATALOG_COMPILER_GLOBAL_ACCENT_COLOR_NAME = AccentColor;
				CODE_SIGN_STYLE = Automatic;
				INFOPLIST_FILE = ProgrammaticUI/Info.plist;
				LD_RUNPATH_SEARCH_PATHS = (
					"$(inherited)",
					"@executable_path/Frameworks",
				);
				PRODUCT_BUNDLE_IDENTIFIER = ProgrammaticUI.app.ProgrammaticUI;
				PRODUCT_NAME = "$(TARGET_NAME)";
				SWIFT_VERSION = 5.0;
				TARGETED_DEVICE_FAMILY = "1,2";
			};
			name = Release;
		};
		18AD85242500328F001BD26D /* Debug */ = {
			isa = XCBuildConfiguration;
			buildSettings = {
				ALWAYS_EMBED_SWIFT_STANDARD_LIBRARIES = YES;
				BUNDLE_LOADER = "$(TEST_HOST)";
				CODE_SIGN_STYLE = Automatic;
				INFOPLIST_FILE = ProgrammaticUITests/Info.plist;
				IPHONEOS_DEPLOYMENT_TARGET = 14.0;
				LD_RUNPATH_SEARCH_PATHS = (
					"$(inherited)",
					"@executable_path/Frameworks",
					"@loader_path/Frameworks",
				);
				PRODUCT_BUNDLE_IDENTIFIER = ProgrammaticUI.app.ProgrammaticUITests;
				PRODUCT_NAME = "$(TARGET_NAME)";
				SWIFT_VERSION = 5.0;
				TARGETED_DEVICE_FAMILY = "1,2";
				TEST_HOST = "$(BUILT_PRODUCTS_DIR)/ProgrammaticUI.app/ProgrammaticUI";
			};
			name = Debug;
		};
		18AD85252500328F001BD26D /* Release */ = {
			isa = XCBuildConfiguration;
			buildSettings = {
				ALWAYS_EMBED_SWIFT_STANDARD_LIBRARIES = YES;
				BUNDLE_LOADER = "$(TEST_HOST)";
				CODE_SIGN_STYLE = Automatic;
				INFOPLIST_FILE = ProgrammaticUITests/Info.plist;
				IPHONEOS_DEPLOYMENT_TARGET = 14.0;
				LD_RUNPATH_SEARCH_PATHS = (
					"$(inherited)",
					"@executable_path/Frameworks",
					"@loader_path/Frameworks",
				);
				PRODUCT_BUNDLE_IDENTIFIER = ProgrammaticUI.app.ProgrammaticUITests;
				PRODUCT_NAME = "$(TARGET_NAME)";
				SWIFT_VERSION = 5.0;
				TARGETED_DEVICE_FAMILY = "1,2";
				TEST_HOST = "$(BUILT_PRODUCTS_DIR)/ProgrammaticUI.app/ProgrammaticUI";
			};
			name = Release;
		};
		18AD85272500328F001BD26D /* Debug */ = {
			isa = XCBuildConfiguration;
			buildSettings = {
				ALWAYS_EMBED_SWIFT_STANDARD_LIBRARIES = YES;
				CODE_SIGN_STYLE = Automatic;
				INFOPLIST_FILE = ProgrammaticUIUITests/Info.plist;
				LD_RUNPATH_SEARCH_PATHS = (
					"$(inherited)",
					"@executable_path/Frameworks",
					"@loader_path/Frameworks",
				);
				PRODUCT_BUNDLE_IDENTIFIER = ProgrammaticUI.app.ProgrammaticUIUITests;
				PRODUCT_NAME = "$(TARGET_NAME)";
				SWIFT_VERSION = 5.0;
				TARGETED_DEVICE_FAMILY = "1,2";
				TEST_TARGET_NAME = ProgrammaticUI;
			};
			name = Debug;
		};
		18AD85282500328F001BD26D /* Release */ = {
			isa = XCBuildConfiguration;
			buildSettings = {
				ALWAYS_EMBED_SWIFT_STANDARD_LIBRARIES = YES;
				CODE_SIGN_STYLE = Automatic;
				INFOPLIST_FILE = ProgrammaticUIUITests/Info.plist;
				LD_RUNPATH_SEARCH_PATHS = (
					"$(inherited)",
					"@executable_path/Frameworks",
					"@loader_path/Frameworks",
				);
				PRODUCT_BUNDLE_IDENTIFIER = ProgrammaticUI.app.ProgrammaticUIUITests;
				PRODUCT_NAME = "$(TARGET_NAME)";
				SWIFT_VERSION = 5.0;
				TARGETED_DEVICE_FAMILY = "1,2";
				TEST_TARGET_NAME = ProgrammaticUI;
			};
			name = Release;
		};
/* End XCBuildConfiguration section */

/* Begin XCConfigurationList section */
		18AD84F12500328E001BD26D /* Build configuration list for PBXProject "ProgrammaticUI" */ = {
			isa = XCConfigurationList;
			buildConfigurations = (
				18AD851E2500328F001BD26D /* Debug */,
				18AD851F2500328F001BD26D /* Release */,
			);
			defaultConfigurationIsVisible = 0;
			defaultConfigurationName = Release;
		};
		18AD85202500328F001BD26D /* Build configuration list for PBXNativeTarget "ProgrammaticUI" */ = {
			isa = XCConfigurationList;
			buildConfigurations = (
				18AD85212500328F001BD26D /* Debug */,
				18AD85222500328F001BD26D /* Release */,
			);
			defaultConfigurationIsVisible = 0;
			defaultConfigurationName = Release;
		};
		18AD85232500328F001BD26D /* Build configuration list for PBXNativeTarget "ProgrammaticUITests" */ = {
			isa = XCConfigurationList;
			buildConfigurations = (
				18AD85242500328F001BD26D /* Debug */,
				18AD85252500328F001BD26D /* Release */,
			);
			defaultConfigurationIsVisible = 0;
			defaultConfigurationName = Release;
		};
		18AD85262500328F001BD26D /* Build configuration list for PBXNativeTarget "ProgrammaticUIUITests" */ = {
			isa = XCConfigurationList;
			buildConfigurations = (
				18AD85272500328F001BD26D /* Debug */,
				18AD85282500328F001BD26D /* Release */,
			);
			defaultConfigurationIsVisible = 0;
			defaultConfigurationName = Release;
		};
/* End XCConfigurationList section */

/* Begin XCRemoteSwiftPackageReference section */
		18AD855A250034D3001BD26D /* XCRemoteSwiftPackageReference "Moya" */ = {
			isa = XCRemoteSwiftPackageReference;
			repositoryURL = "https://github.com/Moya/Moya.git";
			requirement = {
				kind = upToNextMajorVersion;
				minimumVersion = 14.0.0;
			};
		};
		18AD855D2500350E001BD26D /* XCRemoteSwiftPackageReference "SDWebImage" */ = {
			isa = XCRemoteSwiftPackageReference;
			repositoryURL = "https://github.com/SDWebImage/SDWebImage.git";
			requirement = {
				kind = upToNextMajorVersion;
				minimumVersion = 5.9.0;
			};
		};
		18AD8560250035D9001BD26D /* XCRemoteSwiftPackageReference "SnapKit" */ = {
			isa = XCRemoteSwiftPackageReference;
			repositoryURL = "https://github.com/SnapKit/SnapKit.git";
			requirement = {
				kind = upToNextMajorVersion;
				minimumVersion = 5.0.1;
			};
		};
/* End XCRemoteSwiftPackageReference section */

/* Begin XCSwiftPackageProductDependency section */
		18AD855B250034D3001BD26D /* Moya */ = {
			isa = XCSwiftPackageProductDependency;
			package = 18AD855A250034D3001BD26D /* XCRemoteSwiftPackageReference "Moya" */;
			productName = Moya;
		};
		18AD855E2500350E001BD26D /* SDWebImage */ = {
			isa = XCSwiftPackageProductDependency;
			package = 18AD855D2500350E001BD26D /* XCRemoteSwiftPackageReference "SDWebImage" */;
			productName = SDWebImage;
		};
		18AD8561250035D9001BD26D /* SnapKit */ = {
			isa = XCSwiftPackageProductDependency;
			package = 18AD8560250035D9001BD26D /* XCRemoteSwiftPackageReference "SnapKit" */;
			productName = SnapKit;
		};
/* End XCSwiftPackageProductDependency section */
	};
	rootObject = 18AD84EE2500328E001BD26D /* Project object */;
}
